
Microsoft Visual Studio Solution File, Format Version 12.00
# Visual Studio Version 17
VisualStudioVersion = 17.8.34322.80
MinimumVisualStudioVersion = 10.0.40219.1
Project("{9A19103F-16F7-4668-BE54-9A1E7A4F7556}") = "ContactManagerConsole", "ContactManagerConsole\ContactManagerConsole.csproj", "{7670C47D-03E5-465C-9310-5DD0189F9E98}"
	ProjectSection(ProjectDependencies) = postProject
		{EE645E5A-FA94-48C3-95A7-8CADEA7E4C74} = {EE645E5A-FA94-48C3-95A7-8CADEA7E4C74}
	EndProjectSection
EndProject
Project("{9A19103F-16F7-4668-BE54-9A1E7A4F7556}") = "SharedLogic", "SharedLogic\SharedLogic.csproj", "{EE645E5A-FA94-48C3-95A7-8CADEA7E4C74}"
EndProject
Project("{9A19103F-16F7-4668-BE54-9A1E7A4F7556}") = "xUnitTests", "xUnitTests\xUnitTests.csproj", "{088AD80A-52A7-49F8-A682-4E450F98D3BB}"
EndProject
Project("{9A19103F-16F7-4668-BE54-9A1E7A4F7556}") = "ContactManagerAvalonia", "ContactManagerAvalonia\ContactManagerAvalonia.csproj", "{F10BE167-3999-4A13-AF06-6EE3F4D996DD}"
EndProject
Project("{9A19103F-16F7-4668-BE54-9A1E7A4F7556}") = "ContactManagerAvalonia.Desktop", "ContactManagerAvalonia.Desktop\ContactManagerAvalonia.Desktop.csproj", "{D4F56914-8080-41B2-923C-6D8C1FF7824B}"
EndProject
Global
	GlobalSection(SolutionConfigurationPlatforms) = preSolution
		Debug|Any CPU = Debug|Any CPU
		Release|Any CPU = Release|Any CPU
	EndGlobalSection
	GlobalSection(ProjectConfigurationPlatforms) = postSolution
		{7670C47D-03E5-465C-9310-5DD0189F9E98}.Debug|Any CPU.ActiveCfg = Debug|Any CPU
		{7670C47D-03E5-465C-9310-5DD0189F9E98}.Debug|Any CPU.Build.0 = Debug|Any CPU
		{7670C47D-03E5-465C-9310-5DD0189F9E98}.Release|Any CPU.ActiveCfg = Release|Any CPU
		{7670C47D-03E5-465C-9310-5DD0189F9E98}.Release|Any CPU.Build.0 = Release|Any CPU
		{EE645E5A-FA94-48C3-95A7-8CADEA7E4C74}.Debug|Any CPU.ActiveCfg = Debug|Any CPU
		{EE645E5A-FA94-48C3-95A7-8CADEA7E4C74}.Debug|Any CPU.Build.0 = Debug|Any CPU
		{EE645E5A-FA94-48C3-95A7-8CADEA7E4C74}.Release|Any CPU.ActiveCfg = Release|Any CPU
		{EE645E5A-FA94-48C3-95A7-8CADEA7E4C74}.Release|Any CPU.Build.0 = Release|Any CPU
		{088AD80A-52A7-49F8-A682-4E450F98D3BB}.Debug|Any CPU.ActiveCfg = Debug|Any CPU
		{088AD80A-52A7-49F8-A682-4E450F98D3BB}.Debug|Any CPU.Build.0 = Debug|Any CPU
		{088AD80A-52A7-49F8-A682-4E450F98D3BB}.Release|Any CPU.ActiveCfg = Release|Any CPU
		{088AD80A-52A7-49F8-A682-4E450F98D3BB}.Release|Any CPU.Build.0 = Release|Any CPU
		{F10BE167-3999-4A13-AF06-6EE3F4D996DD}.Debug|Any CPU.ActiveCfg = Debug|Any CPU
		{F10BE167-3999-4A13-AF06-6EE3F4D996DD}.Debug|Any CPU.Build.0 = Debug|Any CPU
		{F10BE167-3999-4A13-AF06-6EE3F4D996DD}.Release|Any CPU.ActiveCfg = Release|Any CPU
		{F10BE167-3999-4A13-AF06-6EE3F4D996DD}.Release|Any CPU.Build.0 = Release|Any CPU
		{D4F56914-8080-41B2-923C-6D8C1FF7824B}.Debug|Any CPU.ActiveCfg = Debug|Any CPU
		{D4F56914-8080-41B2-923C-6D8C1FF7824B}.Debug|Any CPU.Build.0 = Debug|Any CPU
		{D4F56914-8080-41B2-923C-6D8C1FF7824B}.Release|Any CPU.ActiveCfg = Release|Any CPU
		{D4F56914-8080-41B2-923C-6D8C1FF7824B}.Release|Any CPU.Build.0 = Release|Any CPU
	EndGlobalSection
	GlobalSection(SolutionProperties) = preSolution
		HideSolutionNode = FALSE
	EndGlobalSection
	GlobalSection(ExtensibilityGlobals) = postSolution
		SolutionGuid = {885380FA-B01F-45FD-91AA-A74D04C5242C}
	EndGlobalSection
EndGlobal
